
Microsoft Visual Studio Solution File, Format Version 12.00
# Visual Studio Version 17
VisualStudioVersion = 17.8.34309.116
MinimumVisualStudioVersion = 10.0.40219.1
Project("{FAE04EC0-301F-11D3-BF4B-00C04F79EFBC}") = "CollegeProject", "CollegeProject\CollegeProject.csproj", "{D59A421A-BFA7-4A2B-9064-D2655643E2F8}"
EndProject
Global
	GlobalSection(SolutionConfigurationPlatforms) = preSolution
		Debug|Any CPU = Debug|Any CPU
		Release|Any CPU = Release|Any CPU
	EndGlobalSection
	GlobalSection(ProjectConfigurationPlatforms) = postSolution
		{D59A421A-BFA7-4A2B-9064-D2655643E2F8}.Debug|Any CPU.ActiveCfg = Debug|Any CPU
		{D59A421A-BFA7-4A2B-9064-D2655643E2F8}.Debug|Any CPU.Build.0 = Debug|Any CPU
		{D59A421A-BFA7-4A2B-9064-D2655643E2F8}.Release|Any CPU.ActiveCfg = Release|Any CPU
		{D59A421A-BFA7-4A2B-9064-D2655643E2F8}.Release|Any CPU.Build.0 = Release|Any CPU
	EndGlobalSection
	GlobalSection(SolutionProperties) = preSolution
		HideSolutionNode = FALSE
	EndGlobalSection
	GlobalSection(ExtensibilityGlobals) = postSolution
		SolutionGuid = {7A4B10D1-7847-41E8-9C62-A806C4B57D08}
	EndGlobalSection
EndGlobal
